{
  "version": 4,
  "terraform_version": "1.13.1",
  "serial": 18,
  "lineage": "43c7f6fc-c167-ac5b-c836-4bc4d3abe2c9",
  "outputs": {
    "document_backup_bucket": {
      "value": "avocat-prd-document-backup",
      "type": "string"
    },
    "document_processing_bucket": {
      "value": "avocat-prd-document-processing",
      "type": "string"
    },
    "document_results_bucket": {
      "value": "avocat-prd-document-results",
      "type": "string"
    },
    "project_id": {
      "value": "avocat-prd",
      "type": "string"
    },
    "pubsub_topic": {
      "value": "document-processing",
      "type": "string"
    },
    "region": {
      "value": "us-central1",
      "type": "string"
    }
  },
  "resources": [
    {
      "mode": "data",
      "type": "archive_file",
      "name": "backup_manager",
      "provider": "provider[\"registry.terraform.io/hashicorp/archive\"]",
      "instances": [
        {
          "schema_version": 0,
          "attributes": {
            "exclude_symlink_directories": null,
            "excludes": null,
            "id": "05c4a9e040e845d17f988d8db4814089413a78f6",
            "output_base64sha256": "jfN5BEwjHJg4yWpbawHFLkUjPphb9Ktcij7+C0wOXWQ=",
            "output_base64sha512": "vcsQA8H8oKWKR0qr3TeE0Le7QY+3ndRXhwnoCThvg6M8jY7aJC4yQC1r1yaLsqArS4xyasTkkxFPPT9qqlgW7Q==",
            "output_file_mode": null,
            "output_md5": "3ef97e9a845932abd92d894d3c1c44e1",
            "output_path": "/tmp/backup-manager.zip",
            "output_sha": "05c4a9e040e845d17f988d8db4814089413a78f6",
            "output_sha256": "8df379044c231c9838c96a5b6b01c52e45233e985bf4ab5c8a3efe0b4c0e5d64",
            "output_sha512": "bdcb1003c1fca0a58a474aabdd3784d0b7bb418fb79dd4578709e809386f83a33c8d8eda242e32402d6bd7268bb2a02b4b8c726ac4e493114f3d3f6aaa5816ed",
            "output_size": 2139,
            "source": [],
            "source_content": null,
            "source_content_filename": null,
            "source_dir": "../functions/backup_manager",
            "source_file": null,
            "type": "zip"
          },
          "sensitive_attributes": [],
          "identity_schema_version": 0
        }
      ]
    },
    {
      "mode": "data",
      "type": "archive_file",
      "name": "info_extractor",
      "provider": "provider[\"registry.terraform.io/hashicorp/archive\"]",
      "instances": [
        {
          "schema_version": 0,
          "attributes": {
            "exclude_symlink_directories": null,
            "excludes": null,
            "id": "4a34e0f0782349c798f65df5c5e675d13a78fd03",
            "output_base64sha256": "EELYTXoFseGFsvhXDQ1nNFvyAa+8GKNK2AA6DE5+bbM=",
            "output_base64sha512": "cireFdbM7yEV9xauhRSY79LpNqjItTDQk4p2uzLaydTTp2EQ03TPRCoupDSQqjkZIU02Z/t83Q9FqMiLkPD1HQ==",
            "output_file_mode": null,
            "output_md5": "ac66179137e2169eb6f3a6072d9d4c01",
            "output_path": "/tmp/info-extractor.zip",
            "output_sha": "4a34e0f0782349c798f65df5c5e675d13a78fd03",
            "output_sha256": "1042d84d7a05b1e185b2f8570d0d67345bf201afbc18a34ad8003a0c4e7e6db3",
            "output_sha512": "722ade15d6ccef2115f716ae851498efd2e936a8c8b530d0938a76bb32dac9d4d3a76110d374cf442a2ea43490aa3919214d3667fb7cdd0f45a8c88b90f0f51d",
            "output_size": 2655,
            "source": [],
            "source_content": null,
            "source_content_filename": null,
            "source_dir": "../functions/info_extractor",
            "source_file": null,
            "type": "zip"
          },
          "sensitive_attributes": [],
          "identity_schema_version": 0
        }
      ]
    },
    {
      "mode": "data",
      "type": "archive_file",
      "name": "ocr_processor",
      "provider": "provider[\"registry.terraform.io/hashicorp/archive\"]",
      "instances": [
        {
          "schema_version": 0,
          "attributes": {
            "exclude_symlink_directories": null,
            "excludes": null,
            "id": "c003ddc5920049441f431b0c8ea0fd62a5b04131",
            "output_base64sha256": "QBID1O1zK76S3USXOiiLTOun5PUBeq+FNCO5rsqIU9E=",
            "output_base64sha512": "alL6njPgvuLEloMof2ZRhdV39XFLDu841v9UiHKrAYpSDPQE2M8ZYQc9c9m9OPSCooEfghlY9oyCFQYyTY7Ijg==",
            "output_file_mode": null,
            "output_md5": "e340bafd4b8ed2547c609a3ad4c980af",
            "output_path": "/tmp/ocr-processor.zip",
            "output_sha": "c003ddc5920049441f431b0c8ea0fd62a5b04131",
            "output_sha256": "401203d4ed732bbe92dd44973a288b4ceba7e4f5017aaf853423b9aeca8853d1",
            "output_sha512": "6a52fa9e33e0bee2c49683287f665185d577f5714b0eef38d6ff548872ab018a520cf404d8cf1961073d73d9bd38f482a2811f821958f68c821506324d8ec88e",
            "output_size": 1824,
            "source": [],
            "source_content": null,
            "source_content_filename": null,
            "source_dir": "../functions/ocr_processor",
            "source_file": null,
            "type": "zip"
          },
          "sensitive_attributes": [],
          "identity_schema_version": 0
        }
      ]
    },
    {
      "mode": "managed",
      "type": "google_cloud_run_service",
      "name": "document_api",
      "provider": "provider[\"registry.terraform.io/hashicorp/google\"]",
      "instances": [
        {
          "status": "tainted",
          "schema_version": 1,
          "attributes": {
            "autogenerate_revision_name": false,
            "id": "locations/us-central1/namespaces/avocat-prd/services/document-processing-api",
            "location": "us-central1",
            "metadata": null,
            "name": "document-processing-api",
            "project": null,
            "status": null,
            "template": [
              {
                "metadata": [],
                "spec": [
                  {
                    "container_concurrency": 0,
                    "containers": [
                      {
                        "args": null,
                        "command": null,
                        "env": [
                          {
                            "name": "BACKUP_BUCKET_NAME",
                            "value": "avocat-prd-document-backup",
                            "value_from": []
                          },
                          {
                            "name": "GOOGLE_CLOUD_PROJECT",
                            "value": "avocat-prd",
                            "value_from": []
                          },
                          {
                            "name": "PUBSUB_TOPIC_NAME",
                            "value": "document-processing",
                            "value_from": []
                          },
                          {
                            "name": "RESULT_BUCKET_NAME",
                            "value": "avocat-prd-document-results",
                            "value_from": []
                          },
                          {
                            "name": "STORAGE_BUCKET_NAME",
                            "value": "avocat-prd-document-processing",
                            "value_from": []
                          }
                        ],
                        "env_from": [],
                        "image": "gcr.io/avocat-prd/document-api:latest",
                        "liveness_probe": [],
                        "name": "",
                        "ports": [
                          {
                            "container_port": 8000,
                            "name": "",
                            "protocol": ""
                          }
                        ],
                        "resources": [],
                        "startup_probe": [],
                        "volume_mounts": [],
                        "working_dir": ""
                      }
                    ],
                    "service_account_name": "",
                    "serving_state": "",
                    "timeout_seconds": 0,
                    "volumes": []
                  }
                ]
              }
            ],
            "timeouts": null,
            "traffic": null
          },
          "sensitive_attributes": [],
          "identity_schema_version": 0,
          "private": "eyJlMmJmYjczMC1lY2FhLTExZTYtOGY4OC0zNDM2M2JjN2M0YzAiOnsiY3JlYXRlIjoxMjAwMDAwMDAwMDAwLCJkZWxldGUiOjEyMDAwMDAwMDAwMDAsInVwZGF0ZSI6MTIwMDAwMDAwMDAwMH0sInNjaGVtYV92ZXJzaW9uIjoiMSJ9",
          "dependencies": [
            "google_project_service.required_apis",
            "google_pubsub_topic.document_processing",
            "google_storage_bucket.document_backup",
            "google_storage_bucket.document_processing",
            "google_storage_bucket.document_results"
          ]
        }
      ]
    },
    {
      "mode": "managed",
      "type": "google_cloudfunctions_function",
      "name": "backup_manager",
      "provider": "provider[\"registry.terraform.io/hashicorp/google\"]",
      "instances": [
        {
          "schema_version": 0,
          "attributes": {
            "available_memory_mb": 512,
            "build_environment_variables": null,
            "build_worker_pool": "",
            "description": "Gestiona backup y clasificación de documentos",
            "docker_registry": "ARTIFACT_REGISTRY",
            "docker_repository": "",
            "entry_point": "backup_document",
            "environment_variables": {
              "BACKUP_BUCKET_NAME": "avocat-prd-document-backup",
              "PUBSUB_TOPIC_NAME": "document-processing",
              "STORAGE_BUCKET_NAME": "avocat-prd-document-processing"
            },
            "event_trigger": [
              {
                "event_type": "google.pubsub.topic.publish",
                "failure_policy": [
                  {
                    "retry": false
                  }
                ],
                "resource": "projects/avocat-prd/topics/document-processing"
              }
            ],
            "https_trigger_security_level": null,
            "https_trigger_url": null,
            "id": "projects/avocat-prd/locations/us-central1/functions/backup-manager",
            "ingress_settings": "ALLOW_ALL",
            "kms_key_name": "",
            "labels": null,
            "max_instances": 3000,
            "min_instances": 0,
            "name": "backup-manager",
            "project": "avocat-prd",
            "region": "us-central1",
            "runtime": "python39",
            "secret_environment_variables": [],
            "secret_volumes": [],
            "service_account_email": "avocat-prd@appspot.gserviceaccount.com",
            "source_archive_bucket": "avocat-prd-document-processing",
            "source_archive_object": "backup-manager-3ef97e9a845932abd92d894d3c1c44e1.zip",
            "source_repository": [],
            "status": "ACTIVE",
            "timeout": 60,
            "timeouts": null,
            "trigger_http": null,
            "vpc_connector": "",
            "vpc_connector_egress_settings": ""
          },
          "sensitive_attributes": [],
          "identity_schema_version": 0,
          "private": "eyJlMmJmYjczMC1lY2FhLTExZTYtOGY4OC0zNDM2M2JjN2M0YzAiOnsiY3JlYXRlIjozMDAwMDAwMDAwMDAsImRlbGV0ZSI6MzAwMDAwMDAwMDAwLCJyZWFkIjozMDAwMDAwMDAwMDAsInVwZGF0ZSI6MzAwMDAwMDAwMDAwfX0=",
          "dependencies": [
            "data.archive_file.backup_manager",
            "google_project_service.required_apis",
            "google_pubsub_topic.document_processing",
            "google_storage_bucket.document_backup",
            "google_storage_bucket.document_processing",
            "google_storage_bucket_object.backup_manager_zip"
          ]
        }
      ]
    },
    {
      "mode": "managed",
      "type": "google_cloudfunctions_function",
      "name": "info_extractor",
      "provider": "provider[\"registry.terraform.io/hashicorp/google\"]",
      "instances": [
        {
          "schema_version": 0,
          "attributes": {
            "available_memory_mb": 1024,
            "build_environment_variables": null,
            "build_worker_pool": "",
            "description": "Extrae información estructurada usando Google Cloud Document AI",
            "docker_registry": "ARTIFACT_REGISTRY",
            "docker_repository": "",
            "entry_point": "extract_document_info",
            "environment_variables": {
              "PUBSUB_TOPIC_NAME": "document-processing",
              "RESULT_BUCKET_NAME": "avocat-prd-document-results",
              "STORAGE_BUCKET_NAME": "avocat-prd-document-processing"
            },
            "event_trigger": [
              {
                "event_type": "google.pubsub.topic.publish",
                "failure_policy": [
                  {
                    "retry": false
                  }
                ],
                "resource": "projects/avocat-prd/topics/document-processing"
              }
            ],
            "https_trigger_security_level": null,
            "https_trigger_url": null,
            "id": "projects/avocat-prd/locations/us-central1/functions/info-extractor",
            "ingress_settings": "ALLOW_ALL",
            "kms_key_name": "",
            "labels": null,
            "max_instances": 3000,
            "min_instances": 0,
            "name": "info-extractor",
            "project": "avocat-prd",
            "region": "us-central1",
            "runtime": "python39",
            "secret_environment_variables": [],
            "secret_volumes": [],
            "service_account_email": "avocat-prd@appspot.gserviceaccount.com",
            "source_archive_bucket": "avocat-prd-document-processing",
            "source_archive_object": "info-extractor-ac66179137e2169eb6f3a6072d9d4c01.zip",
            "source_repository": [],
            "status": "ACTIVE",
            "timeout": 60,
            "timeouts": null,
            "trigger_http": null,
            "vpc_connector": "",
            "vpc_connector_egress_settings": ""
          },
          "sensitive_attributes": [],
          "identity_schema_version": 0,
          "private": "eyJlMmJmYjczMC1lY2FhLTExZTYtOGY4OC0zNDM2M2JjN2M0YzAiOnsiY3JlYXRlIjozMDAwMDAwMDAwMDAsImRlbGV0ZSI6MzAwMDAwMDAwMDAwLCJyZWFkIjozMDAwMDAwMDAwMDAsInVwZGF0ZSI6MzAwMDAwMDAwMDAwfX0=",
          "dependencies": [
            "data.archive_file.info_extractor",
            "google_project_service.required_apis",
            "google_pubsub_topic.document_processing",
            "google_storage_bucket.document_processing",
            "google_storage_bucket.document_results",
            "google_storage_bucket_object.info_extractor_zip"
          ]
        }
      ]
    },
    {
      "mode": "managed",
      "type": "google_cloudfunctions_function",
      "name": "ocr_processor",
      "provider": "provider[\"registry.terraform.io/hashicorp/google\"]",
      "instances": [
        {
          "schema_version": 0,
          "attributes": {
            "available_memory_mb": 512,
            "build_environment_variables": null,
            "build_worker_pool": "",
            "description": "Procesa documentos usando Google Cloud Vision API para OCR",
            "docker_registry": "ARTIFACT_REGISTRY",
            "docker_repository": "",
            "entry_point": "process_document",
            "environment_variables": {
              "PUBSUB_TOPIC_NAME": "document-processing",
              "RESULT_BUCKET_NAME": "avocat-prd-document-results"
            },
            "event_trigger": [
              {
                "event_type": "google.storage.object.finalize",
                "failure_policy": [
                  {
                    "retry": false
                  }
                ],
                "resource": "projects/avocat-prd/buckets/avocat-prd-document-processing"
              }
            ],
            "https_trigger_security_level": null,
            "https_trigger_url": null,
            "id": "projects/avocat-prd/locations/us-central1/functions/ocr-processor",
            "ingress_settings": "ALLOW_ALL",
            "kms_key_name": "",
            "labels": null,
            "max_instances": 3000,
            "min_instances": 0,
            "name": "ocr-processor",
            "project": "avocat-prd",
            "region": "us-central1",
            "runtime": "python39",
            "secret_environment_variables": [],
            "secret_volumes": [],
            "service_account_email": "avocat-prd@appspot.gserviceaccount.com",
            "source_archive_bucket": "avocat-prd-document-processing",
            "source_archive_object": "ocr-processor-e340bafd4b8ed2547c609a3ad4c980af.zip",
            "source_repository": [],
            "status": "ACTIVE",
            "timeout": 60,
            "timeouts": null,
            "trigger_http": null,
            "vpc_connector": "",
            "vpc_connector_egress_settings": ""
          },
          "sensitive_attributes": [],
          "identity_schema_version": 0,
          "private": "eyJlMmJmYjczMC1lY2FhLTExZTYtOGY4OC0zNDM2M2JjN2M0YzAiOnsiY3JlYXRlIjozMDAwMDAwMDAwMDAsImRlbGV0ZSI6MzAwMDAwMDAwMDAwLCJyZWFkIjozMDAwMDAwMDAwMDAsInVwZGF0ZSI6MzAwMDAwMDAwMDAwfX0=",
          "dependencies": [
            "data.archive_file.ocr_processor",
            "google_project_service.required_apis",
            "google_pubsub_topic.document_processing",
            "google_storage_bucket.document_processing",
            "google_storage_bucket.document_results",
            "google_storage_bucket_object.ocr_processor_zip"
          ]
        }
      ]
    },
    {
      "mode": "managed",
      "type": "google_project_service",
      "name": "required_apis",
      "provider": "provider[\"registry.terraform.io/hashicorp/google\"]",
      "instances": [
        {
          "index_key": "cloudbuild.googleapis.com",
          "schema_version": 0,
          "attributes": {
            "disable_dependent_services": false,
            "disable_on_destroy": false,
            "id": "avocat-prd/cloudbuild.googleapis.com",
            "project": "avocat-prd",
            "service": "cloudbuild.googleapis.com",
            "timeouts": null
          },
          "sensitive_attributes": [],
          "identity_schema_version": 0,
          "private": "eyJlMmJmYjczMC1lY2FhLTExZTYtOGY4OC0zNDM2M2JjN2M0YzAiOnsiY3JlYXRlIjoxMjAwMDAwMDAwMDAwLCJkZWxldGUiOjEyMDAwMDAwMDAwMDAsInJlYWQiOjYwMDAwMDAwMDAwMCwidXBkYXRlIjoxMjAwMDAwMDAwMDAwfX0="
        },
        {
          "index_key": "cloudfunctions.googleapis.com",
          "schema_version": 0,
          "attributes": {
            "disable_dependent_services": false,
            "disable_on_destroy": false,
            "id": "avocat-prd/cloudfunctions.googleapis.com",
            "project": "avocat-prd",
            "service": "cloudfunctions.googleapis.com",
            "timeouts": null
          },
          "sensitive_attributes": [],
          "identity_schema_version": 0,
          "private": "eyJlMmJmYjczMC1lY2FhLTExZTYtOGY4OC0zNDM2M2JjN2M0YzAiOnsiY3JlYXRlIjoxMjAwMDAwMDAwMDAwLCJkZWxldGUiOjEyMDAwMDAwMDAwMDAsInJlYWQiOjYwMDAwMDAwMDAwMCwidXBkYXRlIjoxMjAwMDAwMDAwMDAwfX0="
        },
        {
          "index_key": "documentai.googleapis.com",
          "schema_version": 0,
          "attributes": {
            "disable_dependent_services": false,
            "disable_on_destroy": false,
            "id": "avocat-prd/documentai.googleapis.com",
            "project": "avocat-prd",
            "service": "documentai.googleapis.com",
            "timeouts": null
          },
          "sensitive_attributes": [],
          "identity_schema_version": 0,
          "private": "eyJlMmJmYjczMC1lY2FhLTExZTYtOGY4OC0zNDM2M2JjN2M0YzAiOnsiY3JlYXRlIjoxMjAwMDAwMDAwMDAwLCJkZWxldGUiOjEyMDAwMDAwMDAwMDAsInJlYWQiOjYwMDAwMDAwMDAwMCwidXBkYXRlIjoxMjAwMDAwMDAwMDAwfX0="
        },
        {
          "index_key": "logging.googleapis.com",
          "schema_version": 0,
          "attributes": {
            "disable_dependent_services": false,
            "disable_on_destroy": false,
            "id": "avocat-prd/logging.googleapis.com",
            "project": "avocat-prd",
            "service": "logging.googleapis.com",
            "timeouts": null
          },
          "sensitive_attributes": [],
          "identity_schema_version": 0,
          "private": "eyJlMmJmYjczMC1lY2FhLTExZTYtOGY4OC0zNDM2M2JjN2M0YzAiOnsiY3JlYXRlIjoxMjAwMDAwMDAwMDAwLCJkZWxldGUiOjEyMDAwMDAwMDAwMDAsInJlYWQiOjYwMDAwMDAwMDAwMCwidXBkYXRlIjoxMjAwMDAwMDAwMDAwfX0="
        },
        {
          "index_key": "pubsub.googleapis.com",
          "schema_version": 0,
          "attributes": {
            "disable_dependent_services": false,
            "disable_on_destroy": false,
            "id": "avocat-prd/pubsub.googleapis.com",
            "project": "avocat-prd",
            "service": "pubsub.googleapis.com",
            "timeouts": null
          },
          "sensitive_attributes": [],
          "identity_schema_version": 0,
          "private": "eyJlMmJmYjczMC1lY2FhLTExZTYtOGY4OC0zNDM2M2JjN2M0YzAiOnsiY3JlYXRlIjoxMjAwMDAwMDAwMDAwLCJkZWxldGUiOjEyMDAwMDAwMDAwMDAsInJlYWQiOjYwMDAwMDAwMDAwMCwidXBkYXRlIjoxMjAwMDAwMDAwMDAwfX0="
        },
        {
          "index_key": "run.googleapis.com",
          "schema_version": 0,
          "attributes": {
            "disable_dependent_services": false,
            "disable_on_destroy": false,
            "id": "avocat-prd/run.googleapis.com",
            "project": "avocat-prd",
            "service": "run.googleapis.com",
            "timeouts": null
          },
          "sensitive_attributes": [],
          "identity_schema_version": 0,
          "private": "eyJlMmJmYjczMC1lY2FhLTExZTYtOGY4OC0zNDM2M2JjN2M0YzAiOnsiY3JlYXRlIjoxMjAwMDAwMDAwMDAwLCJkZWxldGUiOjEyMDAwMDAwMDAwMDAsInJlYWQiOjYwMDAwMDAwMDAwMCwidXBkYXRlIjoxMjAwMDAwMDAwMDAwfX0="
        },
        {
          "index_key": "storage.googleapis.com",
          "schema_version": 0,
          "attributes": {
            "disable_dependent_services": false,
            "disable_on_destroy": false,
            "id": "avocat-prd/storage.googleapis.com",
            "project": "avocat-prd",
            "service": "storage.googleapis.com",
            "timeouts": null
          },
          "sensitive_attributes": [],
          "identity_schema_version": 0,
          "private": "eyJlMmJmYjczMC1lY2FhLTExZTYtOGY4OC0zNDM2M2JjN2M0YzAiOnsiY3JlYXRlIjoxMjAwMDAwMDAwMDAwLCJkZWxldGUiOjEyMDAwMDAwMDAwMDAsInJlYWQiOjYwMDAwMDAwMDAwMCwidXBkYXRlIjoxMjAwMDAwMDAwMDAwfX0="
        },
        {
          "index_key": "vision.googleapis.com",
          "schema_version": 0,
          "attributes": {
            "disable_dependent_services": false,
            "disable_on_destroy": false,
            "id": "avocat-prd/vision.googleapis.com",
            "project": "avocat-prd",
            "service": "vision.googleapis.com",
            "timeouts": null
          },
          "sensitive_attributes": [],
          "identity_schema_version": 0,
          "private": "eyJlMmJmYjczMC1lY2FhLTExZTYtOGY4OC0zNDM2M2JjN2M0YzAiOnsiY3JlYXRlIjoxMjAwMDAwMDAwMDAwLCJkZWxldGUiOjEyMDAwMDAwMDAwMDAsInJlYWQiOjYwMDAwMDAwMDAwMCwidXBkYXRlIjoxMjAwMDAwMDAwMDAwfX0="
        }
      ]
    },
    {
      "mode": "managed",
      "type": "google_pubsub_subscription",
      "name": "backup_manager",
      "provider": "provider[\"registry.terraform.io/hashicorp/google\"]",
      "instances": [
        {
          "schema_version": 0,
          "attributes": {
            "ack_deadline_seconds": 20,
            "bigquery_config": [],
            "cloud_storage_config": [],
            "dead_letter_policy": [],
            "enable_exactly_once_delivery": false,
            "enable_message_ordering": false,
            "expiration_policy": [
              {
                "ttl": "2678400s"
              }
            ],
            "filter": "",
            "id": "projects/avocat-prd/subscriptions/backup-manager-subscription",
            "labels": null,
            "message_retention_duration": "604800s",
            "name": "backup-manager-subscription",
            "project": "avocat-prd",
            "push_config": [],
            "retain_acked_messages": false,
            "retry_policy": [],
            "timeouts": null,
            "topic": "projects/avocat-prd/topics/document-processing"
          },
          "sensitive_attributes": [],
          "identity_schema_version": 0,
          "private": "eyJlMmJmYjczMC1lY2FhLTExZTYtOGY4OC0zNDM2M2JjN2M0YzAiOnsiY3JlYXRlIjoxMjAwMDAwMDAwMDAwLCJkZWxldGUiOjEyMDAwMDAwMDAwMDAsInVwZGF0ZSI6MTIwMDAwMDAwMDAwMH19",
          "dependencies": [
            "google_project_service.required_apis",
            "google_pubsub_topic.document_processing"
          ]
        }
      ]
    },
    {
      "mode": "managed",
      "type": "google_pubsub_subscription",
      "name": "info_extractor",
      "provider": "provider[\"registry.terraform.io/hashicorp/google\"]",
      "instances": [
        {
          "schema_version": 0,
          "attributes": {
            "ack_deadline_seconds": 20,
            "bigquery_config": [],
            "cloud_storage_config": [],
            "dead_letter_policy": [],
            "enable_exactly_once_delivery": false,
            "enable_message_ordering": false,
            "expiration_policy": [
              {
                "ttl": "2678400s"
              }
            ],
            "filter": "",
            "id": "projects/avocat-prd/subscriptions/info-extractor-subscription",
            "labels": null,
            "message_retention_duration": "604800s",
            "name": "info-extractor-subscription",
            "project": "avocat-prd",
            "push_config": [],
            "retain_acked_messages": false,
            "retry_policy": [],
            "timeouts": null,
            "topic": "projects/avocat-prd/topics/document-processing"
          },
          "sensitive_attributes": [],
          "identity_schema_version": 0,
          "private": "eyJlMmJmYjczMC1lY2FhLTExZTYtOGY4OC0zNDM2M2JjN2M0YzAiOnsiY3JlYXRlIjoxMjAwMDAwMDAwMDAwLCJkZWxldGUiOjEyMDAwMDAwMDAwMDAsInVwZGF0ZSI6MTIwMDAwMDAwMDAwMH19",
          "dependencies": [
            "google_project_service.required_apis",
            "google_pubsub_topic.document_processing"
          ]
        }
      ]
    },
    {
      "mode": "managed",
      "type": "google_pubsub_subscription",
      "name": "ocr_processor",
      "provider": "provider[\"registry.terraform.io/hashicorp/google\"]",
      "instances": [
        {
          "schema_version": 0,
          "attributes": {
            "ack_deadline_seconds": 20,
            "bigquery_config": [],
            "cloud_storage_config": [],
            "dead_letter_policy": [],
            "enable_exactly_once_delivery": false,
            "enable_message_ordering": false,
            "expiration_policy": [
              {
                "ttl": "2678400s"
              }
            ],
            "filter": "",
            "id": "projects/avocat-prd/subscriptions/ocr-processor-subscription",
            "labels": null,
            "message_retention_duration": "604800s",
            "name": "ocr-processor-subscription",
            "project": "avocat-prd",
            "push_config": [],
            "retain_acked_messages": false,
            "retry_policy": [],
            "timeouts": null,
            "topic": "projects/avocat-prd/topics/document-processing"
          },
          "sensitive_attributes": [],
          "identity_schema_version": 0,
          "private": "eyJlMmJmYjczMC1lY2FhLTExZTYtOGY4OC0zNDM2M2JjN2M0YzAiOnsiY3JlYXRlIjoxMjAwMDAwMDAwMDAwLCJkZWxldGUiOjEyMDAwMDAwMDAwMDAsInVwZGF0ZSI6MTIwMDAwMDAwMDAwMH19",
          "dependencies": [
            "google_project_service.required_apis",
            "google_pubsub_topic.document_processing"
          ]
        }
      ]
    },
    {
      "mode": "managed",
      "type": "google_pubsub_topic",
      "name": "document_processing",
      "provider": "provider[\"registry.terraform.io/hashicorp/google\"]",
      "instances": [
        {
          "schema_version": 0,
          "attributes": {
            "id": "projects/avocat-prd/topics/document-processing",
            "kms_key_name": "",
            "labels": null,
            "message_retention_duration": "",
            "message_storage_policy": [],
            "name": "document-processing",
            "project": "avocat-prd",
            "schema_settings": [],
            "timeouts": null
          },
          "sensitive_attributes": [],
          "identity_schema_version": 0,
          "private": "eyJlMmJmYjczMC1lY2FhLTExZTYtOGY4OC0zNDM2M2JjN2M0YzAiOnsiY3JlYXRlIjoxMjAwMDAwMDAwMDAwLCJkZWxldGUiOjEyMDAwMDAwMDAwMDAsInVwZGF0ZSI6MTIwMDAwMDAwMDAwMH19",
          "dependencies": [
            "google_project_service.required_apis"
          ]
        }
      ]
    },
    {
      "mode": "managed",
      "type": "google_storage_bucket",
      "name": "document_backup",
      "provider": "provider[\"registry.terraform.io/hashicorp/google\"]",
      "instances": [
        {
          "schema_version": 0,
          "attributes": {
            "autoclass": [],
            "cors": [],
            "custom_placement_config": [],
            "default_event_based_hold": false,
            "encryption": [],
            "force_destroy": false,
            "id": "avocat-prd-document-backup",
            "labels": {},
            "lifecycle_rule": [
              {
                "action": [
                  {
                    "storage_class": "",
                    "type": "Delete"
                  }
                ],
                "condition": [
                  {
                    "age": 365,
                    "created_before": "",
                    "custom_time_before": "",
                    "days_since_custom_time": 0,
                    "days_since_noncurrent_time": 0,
                    "matches_prefix": [],
                    "matches_storage_class": [],
                    "matches_suffix": [],
                    "noncurrent_time_before": "",
                    "num_newer_versions": 0,
                    "with_state": "ANY"
                  }
                ]
              }
            ],
            "location": "US-CENTRAL1",
            "logging": [],
            "name": "avocat-prd-document-backup",
            "project": "avocat-prd",
            "public_access_prevention": "inherited",
            "requester_pays": false,
            "retention_policy": [],
            "self_link": "https://www.googleapis.com/storage/v1/b/avocat-prd-document-backup",
            "soft_delete_policy": [
              {
                "effective_time": "2025-09-03T19:47:51.693Z",
                "retention_duration_seconds": 604800
              }
            ],
            "storage_class": "STANDARD",
            "timeouts": null,
            "uniform_bucket_level_access": false,
            "url": "gs://avocat-prd-document-backup",
            "versioning": [
              {
                "enabled": true
              }
            ],
            "website": []
          },
          "sensitive_attributes": [],
          "identity_schema_version": 0,
          "private": "eyJlMmJmYjczMC1lY2FhLTExZTYtOGY4OC0zNDM2M2JjN2M0YzAiOnsiY3JlYXRlIjo2MDAwMDAwMDAwMDAsInJlYWQiOjI0MDAwMDAwMDAwMCwidXBkYXRlIjoyNDAwMDAwMDAwMDB9fQ==",
          "dependencies": [
            "google_project_service.required_apis"
          ]
        }
      ]
    },
    {
      "mode": "managed",
      "type": "google_storage_bucket",
      "name": "document_processing",
      "provider": "provider[\"registry.terraform.io/hashicorp/google\"]",
      "instances": [
        {
          "schema_version": 0,
          "attributes": {
            "autoclass": [],
            "cors": [],
            "custom_placement_config": [],
            "default_event_based_hold": false,
            "encryption": [],
            "force_destroy": false,
            "id": "avocat-prd-document-processing",
            "labels": {},
            "lifecycle_rule": [
              {
                "action": [
                  {
                    "storage_class": "",
                    "type": "Delete"
                  }
                ],
                "condition": [
                  {
                    "age": 30,
                    "created_before": "",
                    "custom_time_before": "",
                    "days_since_custom_time": 0,
                    "days_since_noncurrent_time": 0,
                    "matches_prefix": [],
                    "matches_storage_class": [],
                    "matches_suffix": [],
                    "noncurrent_time_before": "",
                    "num_newer_versions": 0,
                    "with_state": "ANY"
                  }
                ]
              }
            ],
            "location": "US-CENTRAL1",
            "logging": [],
            "name": "avocat-prd-document-processing",
            "project": "avocat-prd",
            "public_access_prevention": "inherited",
            "requester_pays": false,
            "retention_policy": [],
            "self_link": "https://www.googleapis.com/storage/v1/b/avocat-prd-document-processing",
            "soft_delete_policy": [
              {
                "effective_time": "2025-09-03T19:47:51.830Z",
                "retention_duration_seconds": 604800
              }
            ],
            "storage_class": "STANDARD",
            "timeouts": null,
            "uniform_bucket_level_access": false,
            "url": "gs://avocat-prd-document-processing",
            "versioning": [
              {
                "enabled": true
              }
            ],
            "website": []
          },
          "sensitive_attributes": [],
          "identity_schema_version": 0,
          "private": "eyJlMmJmYjczMC1lY2FhLTExZTYtOGY4OC0zNDM2M2JjN2M0YzAiOnsiY3JlYXRlIjo2MDAwMDAwMDAwMDAsInJlYWQiOjI0MDAwMDAwMDAwMCwidXBkYXRlIjoyNDAwMDAwMDAwMDB9fQ==",
          "dependencies": [
            "google_project_service.required_apis"
          ]
        }
      ]
    },
    {
      "mode": "managed",
      "type": "google_storage_bucket",
      "name": "document_results",
      "provider": "provider[\"registry.terraform.io/hashicorp/google\"]",
      "instances": [
        {
          "schema_version": 0,
          "attributes": {
            "autoclass": [],
            "cors": [],
            "custom_placement_config": [],
            "default_event_based_hold": false,
            "encryption": [],
            "force_destroy": false,
            "id": "avocat-prd-document-results",
            "labels": {},
            "lifecycle_rule": [
              {
                "action": [
                  {
                    "storage_class": "",
                    "type": "Delete"
                  }
                ],
                "condition": [
                  {
                    "age": 90,
                    "created_before": "",
                    "custom_time_before": "",
                    "days_since_custom_time": 0,
                    "days_since_noncurrent_time": 0,
                    "matches_prefix": [],
                    "matches_storage_class": [],
                    "matches_suffix": [],
                    "noncurrent_time_before": "",
                    "num_newer_versions": 0,
                    "with_state": "ANY"
                  }
                ]
              }
            ],
            "location": "US-CENTRAL1",
            "logging": [],
            "name": "avocat-prd-document-results",
            "project": "avocat-prd",
            "public_access_prevention": "inherited",
            "requester_pays": false,
            "retention_policy": [],
            "self_link": "https://www.googleapis.com/storage/v1/b/avocat-prd-document-results",
            "soft_delete_policy": [
              {
                "effective_time": "2025-09-03T19:47:51.560Z",
                "retention_duration_seconds": 604800
              }
            ],
            "storage_class": "STANDARD",
            "timeouts": null,
            "uniform_bucket_level_access": false,
            "url": "gs://avocat-prd-document-results",
            "versioning": [
              {
                "enabled": true
              }
            ],
            "website": []
          },
          "sensitive_attributes": [],
          "identity_schema_version": 0,
          "private": "eyJlMmJmYjczMC1lY2FhLTExZTYtOGY4OC0zNDM2M2JjN2M0YzAiOnsiY3JlYXRlIjo2MDAwMDAwMDAwMDAsInJlYWQiOjI0MDAwMDAwMDAwMCwidXBkYXRlIjoyNDAwMDAwMDAwMDB9fQ==",
          "dependencies": [
            "google_project_service.required_apis"
          ]
        }
      ]
    },
    {
      "mode": "managed",
      "type": "google_storage_bucket_object",
      "name": "backup_manager_zip",
      "provider": "provider[\"registry.terraform.io/hashicorp/google\"]",
      "instances": [
        {
          "schema_version": 0,
          "attributes": {
            "bucket": "avocat-prd-document-processing",
            "cache_control": "",
            "content": null,
            "content_disposition": "",
            "content_encoding": "",
            "content_language": "",
            "content_type": "application/zip",
            "crc32c": "+YBx8g==",
            "customer_encryption": [],
            "detect_md5hash": "Pvl+moRZMqvZLYlNPBxE4Q==",
            "event_based_hold": false,
            "id": "avocat-prd-document-processing-backup-manager-3ef97e9a845932abd92d894d3c1c44e1.zip",
            "kms_key_name": "",
            "md5hash": "Pvl+moRZMqvZLYlNPBxE4Q==",
            "media_link": "https://storage.googleapis.com/download/storage/v1/b/avocat-prd-document-processing/o/backup-manager-3ef97e9a845932abd92d894d3c1c44e1.zip?generation=1756928874314226\u0026alt=media",
            "metadata": null,
            "name": "backup-manager-3ef97e9a845932abd92d894d3c1c44e1.zip",
            "output_name": "backup-manager-3ef97e9a845932abd92d894d3c1c44e1.zip",
            "self_link": "https://www.googleapis.com/storage/v1/b/avocat-prd-document-processing/o/backup-manager-3ef97e9a845932abd92d894d3c1c44e1.zip",
            "source": "/tmp/backup-manager.zip",
            "storage_class": "STANDARD",
            "temporary_hold": false,
            "timeouts": null
          },
          "sensitive_attributes": [
            [
              {
                "type": "get_attr",
                "value": "content"
              }
            ]
          ],
          "identity_schema_version": 0,
          "private": "eyJlMmJmYjczMC1lY2FhLTExZTYtOGY4OC0zNDM2M2JjN2M0YzAiOnsiY3JlYXRlIjoyNDAwMDAwMDAwMDAsImRlbGV0ZSI6MjQwMDAwMDAwMDAwLCJ1cGRhdGUiOjI0MDAwMDAwMDAwMH19",
          "dependencies": [
            "data.archive_file.backup_manager",
            "google_project_service.required_apis",
            "google_storage_bucket.document_processing"
          ]
        }
      ]
    },
    {
      "mode": "managed",
      "type": "google_storage_bucket_object",
      "name": "info_extractor_zip",
      "provider": "provider[\"registry.terraform.io/hashicorp/google\"]",
      "instances": [
        {
          "schema_version": 0,
          "attributes": {
            "bucket": "avocat-prd-document-processing",
            "cache_control": "",
            "content": null,
            "content_disposition": "",
            "content_encoding": "",
            "content_language": "",
            "content_type": "application/zip",
            "crc32c": "1LgnGg==",
            "customer_encryption": [],
            "detect_md5hash": "rGYXkTfiFp6286YHLZ1MAQ==",
            "event_based_hold": false,
            "id": "avocat-prd-document-processing-info-extractor-ac66179137e2169eb6f3a6072d9d4c01.zip",
            "kms_key_name": "",
            "md5hash": "rGYXkTfiFp6286YHLZ1MAQ==",
            "media_link": "https://storage.googleapis.com/download/storage/v1/b/avocat-prd-document-processing/o/info-extractor-ac66179137e2169eb6f3a6072d9d4c01.zip?generation=1756928873823183\u0026alt=media",
            "metadata": null,
            "name": "info-extractor-ac66179137e2169eb6f3a6072d9d4c01.zip",
            "output_name": "info-extractor-ac66179137e2169eb6f3a6072d9d4c01.zip",
            "self_link": "https://www.googleapis.com/storage/v1/b/avocat-prd-document-processing/o/info-extractor-ac66179137e2169eb6f3a6072d9d4c01.zip",
            "source": "/tmp/info-extractor.zip",
            "storage_class": "STANDARD",
            "temporary_hold": false,
            "timeouts": null
          },
          "sensitive_attributes": [
            [
              {
                "type": "get_attr",
                "value": "content"
              }
            ]
          ],
          "identity_schema_version": 0,
          "private": "eyJlMmJmYjczMC1lY2FhLTExZTYtOGY4OC0zNDM2M2JjN2M0YzAiOnsiY3JlYXRlIjoyNDAwMDAwMDAwMDAsImRlbGV0ZSI6MjQwMDAwMDAwMDAwLCJ1cGRhdGUiOjI0MDAwMDAwMDAwMH19",
          "dependencies": [
            "data.archive_file.info_extractor",
            "google_project_service.required_apis",
            "google_storage_bucket.document_processing"
          ]
        }
      ]
    },
    {
      "mode": "managed",
      "type": "google_storage_bucket_object",
      "name": "ocr_processor_zip",
      "provider": "provider[\"registry.terraform.io/hashicorp/google\"]",
      "instances": [
        {
          "schema_version": 0,
          "attributes": {
            "bucket": "avocat-prd-document-processing",
            "cache_control": "",
            "content": null,
            "content_disposition": "",
            "content_encoding": "",
            "content_language": "",
            "content_type": "application/zip",
            "crc32c": "vc9dmA==",
            "customer_encryption": [],
            "detect_md5hash": "40C6/UuO0lR8YJo61MmArw==",
            "event_based_hold": false,
            "id": "avocat-prd-document-processing-ocr-processor-e340bafd4b8ed2547c609a3ad4c980af.zip",
            "kms_key_name": "",
            "md5hash": "40C6/UuO0lR8YJo61MmArw==",
            "media_link": "https://storage.googleapis.com/download/storage/v1/b/avocat-prd-document-processing/o/ocr-processor-e340bafd4b8ed2547c609a3ad4c980af.zip?generation=1756928874313506\u0026alt=media",
            "metadata": null,
            "name": "ocr-processor-e340bafd4b8ed2547c609a3ad4c980af.zip",
            "output_name": "ocr-processor-e340bafd4b8ed2547c609a3ad4c980af.zip",
            "self_link": "https://www.googleapis.com/storage/v1/b/avocat-prd-document-processing/o/ocr-processor-e340bafd4b8ed2547c609a3ad4c980af.zip",
            "source": "/tmp/ocr-processor.zip",
            "storage_class": "STANDARD",
            "temporary_hold": false,
            "timeouts": null
          },
          "sensitive_attributes": [
            [
              {
                "type": "get_attr",
                "value": "content"
              }
            ]
          ],
          "identity_schema_version": 0,
          "private": "eyJlMmJmYjczMC1lY2FhLTExZTYtOGY4OC0zNDM2M2JjN2M0YzAiOnsiY3JlYXRlIjoyNDAwMDAwMDAwMDAsImRlbGV0ZSI6MjQwMDAwMDAwMDAwLCJ1cGRhdGUiOjI0MDAwMDAwMDAwMH19",
          "dependencies": [
            "data.archive_file.ocr_processor",
            "google_project_service.required_apis",
            "google_storage_bucket.document_processing"
          ]
        }
      ]
    }
  ],
  "check_results": [
    {
      "object_kind": "var",
      "config_addr": "var.environment",
      "status": "pass",
      "objects": [
        {
          "object_addr": "var.environment",
          "status": "pass"
        }
      ]
    }
  ]
}
